dependencies:
- name: mysql
  repository: https://charts.bitnami.com/bitnami
  version: 11.1.2
- name: nginx
  repository: https://charts.bitnami.com/bitnami
  version: 12.0.1
digest: sha256:f9012dc3c633095471fcc8a35dfda6ae7a332ce13e1335f0d13c2619d45cada9
generated: "2024-07-10T13:32:03.8717698+03:00"
